{
  "lockfileVersion": 1,
  "configVersion": 1,
  "workspaces": {
    "": {
      "name": "spike-rfc03-02-codex-events",
      "dependencies": {
        "@openai/codex": "0.128.0",
        "@openai/codex-sdk": "0.128.0",
      },
    },
  },
  "packages": {
    "@openai/codex": ["@openai/codex@0.128.0", "", { "optionalDependencies": { "@openai/codex-darwin-arm64": "npm:@openai/codex@0.128.0-darwin-arm64", "@openai/codex-darwin-x64": "npm:@openai/codex@0.128.0-darwin-x64", "@openai/codex-linux-arm64": "npm:@openai/codex@0.128.0-linux-arm64", "@openai/codex-linux-x64": "npm:@openai/codex@0.128.0-linux-x64", "@openai/codex-win32-arm64": "npm:@openai/codex@0.128.0-win32-arm64", "@openai/codex-win32-x64": "npm:@openai/codex@0.128.0-win32-x64" }, "bin": { "codex": "bin/codex.js" } }, "sha512-+xp6ODmFfBNnexIWRHApEaPXot2j6gyM8A5we/5IS/uY4eYHj4arETct4hQ5M4eO+MK7JY3ZU4xhuobhlysr0A=="],

    "@openai/codex-darwin-arm64": ["@openai/codex@0.128.0-darwin-arm64", "", { "os": "darwin", "cpu": "arm64" }, "sha512-w+6zohfHx/kHBdles/CyFKaY57u9I3nK8QI9+NrdwMliKA0b7xn13yblRNkMpe09j6vL1oAWoxYsMOQ/vjBGug=="],

    "@openai/codex-darwin-x64": ["@openai/codex@0.128.0-darwin-x64", "", { "os": "darwin", "cpu": "x64" }, "sha512-SDbn6fO22Puy8xmMIbZi4f2znMrUEPwABApke4mo+4ihaauwuVjeqzXvW5SPJz5ty/bG11/mSupQgReT7T8BBw=="],

    "@openai/codex-linux-arm64": ["@openai/codex@0.128.0-linux-arm64", "", { "os": "linux", "cpu": "arm64" }, "sha512-+SvH73H60qvCXFuQGP/EsmR//s1hHMBR22PvJkXvM/hdnTIGucx+JqRUjAWdmmQ1IU6j3kgwVvdLW/6ICB+M6w=="],

    "@openai/codex-linux-x64": ["@openai/codex@0.128.0-linux-x64", "", { "os": "linux", "cpu": "x64" }, "sha512-2lnSPA05CRRuKAzFW8BCmmNCSieDcToLwfC2ALLbBYilGLgzhRibjlDglK9F1BkEzfohSSWJu4PBbRu/aG60lQ=="],

    "@openai/codex-sdk": ["@openai/codex-sdk@0.128.0", "", { "dependencies": { "@openai/codex": "0.128.0" } }, "sha512-Eao0LLA5x90qwU6SXYd21h4KxdCef1WpCvHFgKdbqzWMJ79lUvguGDGvx1RheP+zTdKGxJfJ6dulI5wSXoUBhQ=="],

    "@openai/codex-win32-arm64": ["@openai/codex@0.128.0-win32-arm64", "", { "os": "win32", "cpu": "arm64" }, "sha512-ECJvsqmYFdA9pn42xxK3Odp/G16AjmBW0BglX8L0PwPjqbstbmlew9bfHf7xvL+SNfNl4NmyotW0+RNo1phgaA=="],

    "@openai/codex-win32-x64": ["@openai/codex@0.128.0-win32-x64", "", { "os": "win32", "cpu": "x64" }, "sha512-k3jmUAFrzkUtvjGTXvSKjQqJLLlzjxp/VoHJDYedgmXUn6j70HxK38IwapzmnYfiBiTuzETvGwjXHzZgzKjhoQ=="],
  }
}
